
Microsoft Visual Studio Solution File, Format Version 12.00
# Visual Studio Version 17
VisualStudioVersion = 17.9.34723.18
MinimumVisualStudioVersion = 10.0.40219.1
Project("{9A19103F-16F7-4668-BE54-9A1E7A4F7556}") = "MovieWebsite.Domain", "MovieWebsite.Domain\MovieWebsite.Domain.csproj", "{F8735BB1-F700-43D4-A42D-7616FED13D98}"
EndProject
Project("{9A19103F-16F7-4668-BE54-9A1E7A4F7556}") = "MovieWebsite.Infrastructure", "MovieWebsite.Infrastructure\MovieWebsite.Infrastructure.csproj", "{20AA6978-3021-4E17-AD7E-73BEB66ABED0}"
EndProject
Project("{9A19103F-16F7-4668-BE54-9A1E7A4F7556}") = "MovieWebsite.Application", "MovieWebsite.Application\MovieWebsite.Application.csproj", "{2C27AD05-6C8B-4C21-A4E2-C55ACDB84EFD}"
EndProject
Project("{9A19103F-16F7-4668-BE54-9A1E7A4F7556}") = "MovieWebsite.UI", "MovieWebsite.UI\MovieWebsite.UI.csproj", "{B5765FBD-74EF-4182-954A-DD2AF8A4F96B}"
EndProject
Global
	GlobalSection(SolutionConfigurationPlatforms) = preSolution
		Debug|Any CPU = Debug|Any CPU
		Release|Any CPU = Release|Any CPU
	EndGlobalSection
	GlobalSection(ProjectConfigurationPlatforms) = postSolution
		{F8735BB1-F700-43D4-A42D-7616FED13D98}.Debug|Any CPU.ActiveCfg = Debug|Any CPU
		{F8735BB1-F700-43D4-A42D-7616FED13D98}.Debug|Any CPU.Build.0 = Debug|Any CPU
		{F8735BB1-F700-43D4-A42D-7616FED13D98}.Release|Any CPU.ActiveCfg = Release|Any CPU
		{F8735BB1-F700-43D4-A42D-7616FED13D98}.Release|Any CPU.Build.0 = Release|Any CPU
		{20AA6978-3021-4E17-AD7E-73BEB66ABED0}.Debug|Any CPU.ActiveCfg = Debug|Any CPU
		{20AA6978-3021-4E17-AD7E-73BEB66ABED0}.Debug|Any CPU.Build.0 = Debug|Any CPU
		{20AA6978-3021-4E17-AD7E-73BEB66ABED0}.Release|Any CPU.ActiveCfg = Release|Any CPU
		{20AA6978-3021-4E17-AD7E-73BEB66ABED0}.Release|Any CPU.Build.0 = Release|Any CPU
		{2C27AD05-6C8B-4C21-A4E2-C55ACDB84EFD}.Debug|Any CPU.ActiveCfg = Debug|Any CPU
		{2C27AD05-6C8B-4C21-A4E2-C55ACDB84EFD}.Debug|Any CPU.Build.0 = Debug|Any CPU
		{2C27AD05-6C8B-4C21-A4E2-C55ACDB84EFD}.Release|Any CPU.ActiveCfg = Release|Any CPU
		{2C27AD05-6C8B-4C21-A4E2-C55ACDB84EFD}.Release|Any CPU.Build.0 = Release|Any CPU
		{B5765FBD-74EF-4182-954A-DD2AF8A4F96B}.Debug|Any CPU.ActiveCfg = Debug|Any CPU
		{B5765FBD-74EF-4182-954A-DD2AF8A4F96B}.Debug|Any CPU.Build.0 = Debug|Any CPU
		{B5765FBD-74EF-4182-954A-DD2AF8A4F96B}.Release|Any CPU.ActiveCfg = Release|Any CPU
		{B5765FBD-74EF-4182-954A-DD2AF8A4F96B}.Release|Any CPU.Build.0 = Release|Any CPU
	EndGlobalSection
	GlobalSection(SolutionProperties) = preSolution
		HideSolutionNode = FALSE
	EndGlobalSection
	GlobalSection(ExtensibilityGlobals) = postSolution
		SolutionGuid = {25190276-A1A2-421A-A31F-31159E9FD517}
	EndGlobalSection
EndGlobal
